# THIS IS AN AUTOGENERATED FILE. DO NOT EDIT THIS FILE DIRECTLY.
# yarn lockfile v1


jose@^5.1.0:
  version "5.2.0"
  resolved "https://registry.yarnpkg.com/jose/-/jose-5.2.0.tgz#d0ffd7f7e31253f633eefb190a930cd14a916995"
  integrity sha512-oW3PCnvyrcm1HMvGTzqjxxfnEs9EoFOFWi2HsEGhlFVOXxTE3K9GKWVMFoFw06yPUqwpvEWic1BmtUZBI/tIjw==

"jwt-compact-wasm@file:pkg":
  version "0.0.0"
