# THIS IS AN AUTOGENERATED FILE. DO NOT EDIT THIS FILE DIRECTLY.
# yarn lockfile v1


jose@^5.9.6:
  version "5.9.6"
  resolved "https://registry.yarnpkg.com/jose/-/jose-5.9.6.tgz#77f1f901d88ebdc405e57cce08d2a91f47521883"
  integrity sha512-AMlnetc9+CV9asI19zHmrgS/WYsWUwCn2R7RzlbJWD7F9eWYUTGyBmU9o6PxngtLGOiDGPRu+Uc4fhKzbpteZQ==

"jwt-compact-wasm@file:pkg":
  version "0.0.16"
